
Microsoft Visual Studio Solution File, Format Version 12.00
# Visual Studio Version 17
VisualStudioVersion = 17.7.34221.43
MinimumVisualStudioVersion = 10.0.40219.1
Project("{FAE04EC0-301F-11D3-BF4B-00C04F79EFBC}") = "TrungTamTinHoc", "TrungTamTinHoc\TrungTamTinHoc.csproj", "{D2C620F8-ED6E-4FA6-916B-8A9A45F7B92C}"
EndProject
Global
	GlobalSection(SolutionConfigurationPlatforms) = preSolution
		Debug|Any CPU = Debug|Any CPU
		Release|Any CPU = Release|Any CPU
	EndGlobalSection
	GlobalSection(ProjectConfigurationPlatforms) = postSolution
		{D2C620F8-ED6E-4FA6-916B-8A9A45F7B92C}.Debug|Any CPU.ActiveCfg = Debug|Any CPU
		{D2C620F8-ED6E-4FA6-916B-8A9A45F7B92C}.Debug|Any CPU.Build.0 = Debug|Any CPU
		{D2C620F8-ED6E-4FA6-916B-8A9A45F7B92C}.Release|Any CPU.ActiveCfg = Release|Any CPU
		{D2C620F8-ED6E-4FA6-916B-8A9A45F7B92C}.Release|Any CPU.Build.0 = Release|Any CPU
	EndGlobalSection
	GlobalSection(SolutionProperties) = preSolution
		HideSolutionNode = FALSE
	EndGlobalSection
	GlobalSection(ExtensibilityGlobals) = postSolution
		SolutionGuid = {4DCB175E-CD3E-4F7C-8674-38643012410B}
	EndGlobalSection
EndGlobal
